
Microsoft Visual Studio Solution File, Format Version 12.00
# Visual Studio Version 16
VisualStudioVersion = 16.0.33130.400
MinimumVisualStudioVersion = 10.0.40219.1
Project("{FAE04EC0-301F-11D3-BF4B-00C04F79EFBC}") = "PLCSIM.UnitTest", "PLCSIM.UnitTest\PLCSIM.UnitTest.csproj", "{09C665D9-3210-47CE-8BE4-E38B35C797BB}"
EndProject
Project("{FAE04EC0-301F-11D3-BF4B-00C04F79EFBC}") = "PLCSIM.UnitTest.CommandLine", "PLCSIM.UnitTest.CommandLine\PLCSIM.UnitTest.CommandLine.csproj", "{705F208C-7C7D-40C3-AEE5-C018D0B6EAE4}"
EndProject
Project("{2150E333-8FDC-42A3-9474-1A3956D46DE8}") = "Solution Items", "Solution Items", "{823C35FB-9D57-443F-B29A-957E1DA67132}"
	ProjectSection(SolutionItems) = preProject
		README.md = README.md
	EndProjectSection
EndProject
Project("{FAE04EC0-301F-11D3-BF4B-00C04F79EFBC}") = "TiaOpeness.V18", "TiaOpeness.V18\TiaOpeness.V18.csproj", "{1569F25A-3EC2-44B5-96F1-C583BF0C2382}"
EndProject
Project("{FAE04EC0-301F-11D3-BF4B-00C04F79EFBC}") = "TiaOpeness.V16", "TiaOpeness.V16\TiaOpeness.V16.csproj", "{CBC8D464-F4F2-49C5-8A71-781A8ABA8847}"
EndProject
Project("{2150E333-8FDC-42A3-9474-1A3956D46DE8}") = "Library Projects", "Library Projects", "{3F69088E-DD17-41BF-945F-8BFAA6023202}"
EndProject
Project("{FAE04EC0-301F-11D3-BF4B-00C04F79EFBC}") = "ApplicationUtilities", "ApplicationUtilities\ApplicationUtilities.csproj", "{8A83B1D5-7A79-4E18-B90C-EDDC30A0D227}"
EndProject
Project("{FAE04EC0-301F-11D3-BF4B-00C04F79EFBC}") = "TiaOpeness.V17", "TiaOpeness.V17\TiaOpeness.V17.csproj", "{F5D1FA6D-0BD1-44DA-BD81-B9B77D9E6170}"
EndProject
Project("{FAE04EC0-301F-11D3-BF4B-00C04F79EFBC}") = "TiaOpeness", "TiaOpeness\TiaOpeness.csproj", "{268989D3-E2F2-4D6A-93C5-CD7930B8904D}"
EndProject
Project("{FAE04EC0-301F-11D3-BF4B-00C04F79EFBC}") = "PlcSimAdvanced.V5_0", "PlcSimAdvanced.V5_0\PlcSimAdvanced.V5_0.csproj", "{7C15F4AA-385D-4AB3-AF3E-8B13090D710D}"
EndProject
Project("{FAE04EC0-301F-11D3-BF4B-00C04F79EFBC}") = "PlcSimAdvanced", "PlcSimAdvanced\PlcSimAdvanced.csproj", "{568E7771-5333-4837-B5B6-219D78DE21FE}"
EndProject
Project("{2150E333-8FDC-42A3-9474-1A3956D46DE8}") = "Plugin Projects", "Plugin Projects", "{C8632CB4-412F-4C38-906E-D751F9EAE5F5}"
EndProject
Project("{2150E333-8FDC-42A3-9474-1A3956D46DE8}") = "TiaOpeness", "TiaOpeness", "{2F034025-08BB-4E23-90A4-8B4DEB26445C}"
EndProject
Project("{2150E333-8FDC-42A3-9474-1A3956D46DE8}") = "PlcSimAdvanced", "PlcSimAdvanced", "{996E81E0-1A47-4DA5-AE5A-B80E104E0EE6}"
EndProject
Global
	GlobalSection(SolutionConfigurationPlatforms) = preSolution
		Debug|Any CPU = Debug|Any CPU
		Debug|ARM = Debug|ARM
		Debug|ARM64 = Debug|ARM64
		Debug|x64 = Debug|x64
		Debug|x86 = Debug|x86
		Release|Any CPU = Release|Any CPU
		Release|ARM = Release|ARM
		Release|ARM64 = Release|ARM64
		Release|x64 = Release|x64
		Release|x86 = Release|x86
	EndGlobalSection
	GlobalSection(ProjectConfigurationPlatforms) = postSolution
		{09C665D9-3210-47CE-8BE4-E38B35C797BB}.Debug|Any CPU.ActiveCfg = Debug|Any CPU
		{09C665D9-3210-47CE-8BE4-E38B35C797BB}.Debug|Any CPU.Build.0 = Debug|Any CPU
		{09C665D9-3210-47CE-8BE4-E38B35C797BB}.Debug|ARM.ActiveCfg = Debug|Any CPU
		{09C665D9-3210-47CE-8BE4-E38B35C797BB}.Debug|ARM.Build.0 = Debug|Any CPU
		{09C665D9-3210-47CE-8BE4-E38B35C797BB}.Debug|ARM64.ActiveCfg = Debug|Any CPU
		{09C665D9-3210-47CE-8BE4-E38B35C797BB}.Debug|ARM64.Build.0 = Debug|Any CPU
		{09C665D9-3210-47CE-8BE4-E38B35C797BB}.Debug|x64.ActiveCfg = Debug|x64
		{09C665D9-3210-47CE-8BE4-E38B35C797BB}.Debug|x64.Build.0 = Debug|x64
		{09C665D9-3210-47CE-8BE4-E38B35C797BB}.Debug|x86.ActiveCfg = Debug|x86
		{09C665D9-3210-47CE-8BE4-E38B35C797BB}.Debug|x86.Build.0 = Debug|x86
		{09C665D9-3210-47CE-8BE4-E38B35C797BB}.Release|Any CPU.ActiveCfg = Release|Any CPU
		{09C665D9-3210-47CE-8BE4-E38B35C797BB}.Release|Any CPU.Build.0 = Release|Any CPU
		{09C665D9-3210-47CE-8BE4-E38B35C797BB}.Release|ARM.ActiveCfg = Release|Any CPU
		{09C665D9-3210-47CE-8BE4-E38B35C797BB}.Release|ARM.Build.0 = Release|Any CPU
		{09C665D9-3210-47CE-8BE4-E38B35C797BB}.Release|ARM64.ActiveCfg = Release|Any CPU
		{09C665D9-3210-47CE-8BE4-E38B35C797BB}.Release|ARM64.Build.0 = Release|Any CPU
		{09C665D9-3210-47CE-8BE4-E38B35C797BB}.Release|x64.ActiveCfg = Release|x64
		{09C665D9-3210-47CE-8BE4-E38B35C797BB}.Release|x64.Build.0 = Release|x64
		{09C665D9-3210-47CE-8BE4-E38B35C797BB}.Release|x86.ActiveCfg = Release|x86
		{09C665D9-3210-47CE-8BE4-E38B35C797BB}.Release|x86.Build.0 = Release|x86
		{705F208C-7C7D-40C3-AEE5-C018D0B6EAE4}.Debug|Any CPU.ActiveCfg = Debug|Any CPU
		{705F208C-7C7D-40C3-AEE5-C018D0B6EAE4}.Debug|Any CPU.Build.0 = Debug|Any CPU
		{705F208C-7C7D-40C3-AEE5-C018D0B6EAE4}.Debug|ARM.ActiveCfg = Debug|Any CPU
		{705F208C-7C7D-40C3-AEE5-C018D0B6EAE4}.Debug|ARM.Build.0 = Debug|Any CPU
		{705F208C-7C7D-40C3-AEE5-C018D0B6EAE4}.Debug|ARM64.ActiveCfg = Debug|Any CPU
		{705F208C-7C7D-40C3-AEE5-C018D0B6EAE4}.Debug|ARM64.Build.0 = Debug|Any CPU
		{705F208C-7C7D-40C3-AEE5-C018D0B6EAE4}.Debug|x64.ActiveCfg = Debug|x64
		{705F208C-7C7D-40C3-AEE5-C018D0B6EAE4}.Debug|x64.Build.0 = Debug|x64
		{705F208C-7C7D-40C3-AEE5-C018D0B6EAE4}.Debug|x86.ActiveCfg = Debug|x86
		{705F208C-7C7D-40C3-AEE5-C018D0B6EAE4}.Debug|x86.Build.0 = Debug|x86
		{705F208C-7C7D-40C3-AEE5-C018D0B6EAE4}.Release|Any CPU.ActiveCfg = Release|Any CPU
		{705F208C-7C7D-40C3-AEE5-C018D0B6EAE4}.Release|Any CPU.Build.0 = Release|Any CPU
		{705F208C-7C7D-40C3-AEE5-C018D0B6EAE4}.Release|ARM.ActiveCfg = Release|Any CPU
		{705F208C-7C7D-40C3-AEE5-C018D0B6EAE4}.Release|ARM.Build.0 = Release|Any CPU
		{705F208C-7C7D-40C3-AEE5-C018D0B6EAE4}.Release|ARM64.ActiveCfg = Release|Any CPU
		{705F208C-7C7D-40C3-AEE5-C018D0B6EAE4}.Release|ARM64.Build.0 = Release|Any CPU
		{705F208C-7C7D-40C3-AEE5-C018D0B6EAE4}.Release|x64.ActiveCfg = Release|x64
		{705F208C-7C7D-40C3-AEE5-C018D0B6EAE4}.Release|x64.Build.0 = Release|x64
		{705F208C-7C7D-40C3-AEE5-C018D0B6EAE4}.Release|x86.ActiveCfg = Release|x86
		{705F208C-7C7D-40C3-AEE5-C018D0B6EAE4}.Release|x86.Build.0 = Release|x86
		{1569F25A-3EC2-44B5-96F1-C583BF0C2382}.Debug|Any CPU.ActiveCfg = Debug|Any CPU
		{1569F25A-3EC2-44B5-96F1-C583BF0C2382}.Debug|Any CPU.Build.0 = Debug|Any CPU
		{1569F25A-3EC2-44B5-96F1-C583BF0C2382}.Debug|ARM.ActiveCfg = Debug|Any CPU
		{1569F25A-3EC2-44B5-96F1-C583BF0C2382}.Debug|ARM.Build.0 = Debug|Any CPU
		{1569F25A-3EC2-44B5-96F1-C583BF0C2382}.Debug|ARM64.ActiveCfg = Debug|Any CPU
		{1569F25A-3EC2-44B5-96F1-C583BF0C2382}.Debug|ARM64.Build.0 = Debug|Any CPU
		{1569F25A-3EC2-44B5-96F1-C583BF0C2382}.Debug|x64.ActiveCfg = Debug|x64
		{1569F25A-3EC2-44B5-96F1-C583BF0C2382}.Debug|x64.Build.0 = Debug|x64
		{1569F25A-3EC2-44B5-96F1-C583BF0C2382}.Debug|x86.ActiveCfg = Debug|x86
		{1569F25A-3EC2-44B5-96F1-C583BF0C2382}.Debug|x86.Build.0 = Debug|x86
		{1569F25A-3EC2-44B5-96F1-C583BF0C2382}.Release|Any CPU.ActiveCfg = Release|Any CPU
		{1569F25A-3EC2-44B5-96F1-C583BF0C2382}.Release|Any CPU.Build.0 = Release|Any CPU
		{1569F25A-3EC2-44B5-96F1-C583BF0C2382}.Release|ARM.ActiveCfg = Release|Any CPU
		{1569F25A-3EC2-44B5-96F1-C583BF0C2382}.Release|ARM.Build.0 = Release|Any CPU
		{1569F25A-3EC2-44B5-96F1-C583BF0C2382}.Release|ARM64.ActiveCfg = Release|Any CPU
		{1569F25A-3EC2-44B5-96F1-C583BF0C2382}.Release|ARM64.Build.0 = Release|Any CPU
		{1569F25A-3EC2-44B5-96F1-C583BF0C2382}.Release|x64.ActiveCfg = Release|x64
		{1569F25A-3EC2-44B5-96F1-C583BF0C2382}.Release|x64.Build.0 = Release|x64
		{1569F25A-3EC2-44B5-96F1-C583BF0C2382}.Release|x86.ActiveCfg = Release|x86
		{1569F25A-3EC2-44B5-96F1-C583BF0C2382}.Release|x86.Build.0 = Release|x86
		{CBC8D464-F4F2-49C5-8A71-781A8ABA8847}.Debug|Any CPU.ActiveCfg = Debug|Any CPU
		{CBC8D464-F4F2-49C5-8A71-781A8ABA8847}.Debug|Any CPU.Build.0 = Debug|Any CPU
		{CBC8D464-F4F2-49C5-8A71-781A8ABA8847}.Debug|ARM.ActiveCfg = Debug|Any CPU
		{CBC8D464-F4F2-49C5-8A71-781A8ABA8847}.Debug|ARM.Build.0 = Debug|Any CPU
		{CBC8D464-F4F2-49C5-8A71-781A8ABA8847}.Debug|ARM64.ActiveCfg = Debug|Any CPU
		{CBC8D464-F4F2-49C5-8A71-781A8ABA8847}.Debug|ARM64.Build.0 = Debug|Any CPU
		{CBC8D464-F4F2-49C5-8A71-781A8ABA8847}.Debug|x64.ActiveCfg = Debug|x64
		{CBC8D464-F4F2-49C5-8A71-781A8ABA8847}.Debug|x64.Build.0 = Debug|x64
		{CBC8D464-F4F2-49C5-8A71-781A8ABA8847}.Debug|x86.ActiveCfg = Debug|x86
		{CBC8D464-F4F2-49C5-8A71-781A8ABA8847}.Debug|x86.Build.0 = Debug|x86
		{CBC8D464-F4F2-49C5-8A71-781A8ABA8847}.Release|Any CPU.ActiveCfg = Release|Any CPU
		{CBC8D464-F4F2-49C5-8A71-781A8ABA8847}.Release|Any CPU.Build.0 = Release|Any CPU
		{CBC8D464-F4F2-49C5-8A71-781A8ABA8847}.Release|ARM.ActiveCfg = Release|Any CPU
		{CBC8D464-F4F2-49C5-8A71-781A8ABA8847}.Release|ARM.Build.0 = Release|Any CPU
		{CBC8D464-F4F2-49C5-8A71-781A8ABA8847}.Release|ARM64.ActiveCfg = Release|Any CPU
		{CBC8D464-F4F2-49C5-8A71-781A8ABA8847}.Release|ARM64.Build.0 = Release|Any CPU
		{CBC8D464-F4F2-49C5-8A71-781A8ABA8847}.Release|x64.ActiveCfg = Release|x64
		{CBC8D464-F4F2-49C5-8A71-781A8ABA8847}.Release|x64.Build.0 = Release|x64
		{CBC8D464-F4F2-49C5-8A71-781A8ABA8847}.Release|x86.ActiveCfg = Release|x86
		{CBC8D464-F4F2-49C5-8A71-781A8ABA8847}.Release|x86.Build.0 = Release|x86
		{8A83B1D5-7A79-4E18-B90C-EDDC30A0D227}.Debug|Any CPU.ActiveCfg = Debug|Any CPU
		{8A83B1D5-7A79-4E18-B90C-EDDC30A0D227}.Debug|Any CPU.Build.0 = Debug|Any CPU
		{8A83B1D5-7A79-4E18-B90C-EDDC30A0D227}.Debug|ARM.ActiveCfg = Debug|Any CPU
		{8A83B1D5-7A79-4E18-B90C-EDDC30A0D227}.Debug|ARM.Build.0 = Debug|Any CPU
		{8A83B1D5-7A79-4E18-B90C-EDDC30A0D227}.Debug|ARM64.ActiveCfg = Debug|Any CPU
		{8A83B1D5-7A79-4E18-B90C-EDDC30A0D227}.Debug|ARM64.Build.0 = Debug|Any CPU
		{8A83B1D5-7A79-4E18-B90C-EDDC30A0D227}.Debug|x64.ActiveCfg = Debug|x64
		{8A83B1D5-7A79-4E18-B90C-EDDC30A0D227}.Debug|x64.Build.0 = Debug|x64
		{8A83B1D5-7A79-4E18-B90C-EDDC30A0D227}.Debug|x86.ActiveCfg = Debug|x86
		{8A83B1D5-7A79-4E18-B90C-EDDC30A0D227}.Debug|x86.Build.0 = Debug|x86
		{8A83B1D5-7A79-4E18-B90C-EDDC30A0D227}.Release|Any CPU.ActiveCfg = Release|Any CPU
		{8A83B1D5-7A79-4E18-B90C-EDDC30A0D227}.Release|Any CPU.Build.0 = Release|Any CPU
		{8A83B1D5-7A79-4E18-B90C-EDDC30A0D227}.Release|ARM.ActiveCfg = Release|Any CPU
		{8A83B1D5-7A79-4E18-B90C-EDDC30A0D227}.Release|ARM.Build.0 = Release|Any CPU
		{8A83B1D5-7A79-4E18-B90C-EDDC30A0D227}.Release|ARM64.ActiveCfg = Release|Any CPU
		{8A83B1D5-7A79-4E18-B90C-EDDC30A0D227}.Release|ARM64.Build.0 = Release|Any CPU
		{8A83B1D5-7A79-4E18-B90C-EDDC30A0D227}.Release|x64.ActiveCfg = Release|x64
		{8A83B1D5-7A79-4E18-B90C-EDDC30A0D227}.Release|x64.Build.0 = Release|x64
		{8A83B1D5-7A79-4E18-B90C-EDDC30A0D227}.Release|x86.ActiveCfg = Release|x86
		{8A83B1D5-7A79-4E18-B90C-EDDC30A0D227}.Release|x86.Build.0 = Release|x86
		{F5D1FA6D-0BD1-44DA-BD81-B9B77D9E6170}.Debug|Any CPU.ActiveCfg = Debug|Any CPU
		{F5D1FA6D-0BD1-44DA-BD81-B9B77D9E6170}.Debug|Any CPU.Build.0 = Debug|Any CPU
		{F5D1FA6D-0BD1-44DA-BD81-B9B77D9E6170}.Debug|ARM.ActiveCfg = Debug|Any CPU
		{F5D1FA6D-0BD1-44DA-BD81-B9B77D9E6170}.Debug|ARM.Build.0 = Debug|Any CPU
		{F5D1FA6D-0BD1-44DA-BD81-B9B77D9E6170}.Debug|ARM64.ActiveCfg = Debug|Any CPU
		{F5D1FA6D-0BD1-44DA-BD81-B9B77D9E6170}.Debug|ARM64.Build.0 = Debug|Any CPU
		{F5D1FA6D-0BD1-44DA-BD81-B9B77D9E6170}.Debug|x64.ActiveCfg = Debug|x64
		{F5D1FA6D-0BD1-44DA-BD81-B9B77D9E6170}.Debug|x64.Build.0 = Debug|x64
		{F5D1FA6D-0BD1-44DA-BD81-B9B77D9E6170}.Debug|x86.ActiveCfg = Debug|x86
		{F5D1FA6D-0BD1-44DA-BD81-B9B77D9E6170}.Debug|x86.Build.0 = Debug|x86
		{F5D1FA6D-0BD1-44DA-BD81-B9B77D9E6170}.Release|Any CPU.ActiveCfg = Release|Any CPU
		{F5D1FA6D-0BD1-44DA-BD81-B9B77D9E6170}.Release|Any CPU.Build.0 = Release|Any CPU
		{F5D1FA6D-0BD1-44DA-BD81-B9B77D9E6170}.Release|ARM.ActiveCfg = Release|Any CPU
		{F5D1FA6D-0BD1-44DA-BD81-B9B77D9E6170}.Release|ARM.Build.0 = Release|Any CPU
		{F5D1FA6D-0BD1-44DA-BD81-B9B77D9E6170}.Release|ARM64.ActiveCfg = Release|Any CPU
		{F5D1FA6D-0BD1-44DA-BD81-B9B77D9E6170}.Release|ARM64.Build.0 = Release|Any CPU
		{F5D1FA6D-0BD1-44DA-BD81-B9B77D9E6170}.Release|x64.ActiveCfg = Release|x64
		{F5D1FA6D-0BD1-44DA-BD81-B9B77D9E6170}.Release|x64.Build.0 = Release|x64
		{F5D1FA6D-0BD1-44DA-BD81-B9B77D9E6170}.Release|x86.ActiveCfg = Release|x86
		{F5D1FA6D-0BD1-44DA-BD81-B9B77D9E6170}.Release|x86.Build.0 = Release|x86
		{268989D3-E2F2-4D6A-93C5-CD7930B8904D}.Debug|Any CPU.ActiveCfg = Debug|Any CPU
		{268989D3-E2F2-4D6A-93C5-CD7930B8904D}.Debug|Any CPU.Build.0 = Debug|Any CPU
		{268989D3-E2F2-4D6A-93C5-CD7930B8904D}.Debug|ARM.ActiveCfg = Debug|Any CPU
		{268989D3-E2F2-4D6A-93C5-CD7930B8904D}.Debug|ARM.Build.0 = Debug|Any CPU
		{268989D3-E2F2-4D6A-93C5-CD7930B8904D}.Debug|ARM64.ActiveCfg = Debug|Any CPU
		{268989D3-E2F2-4D6A-93C5-CD7930B8904D}.Debug|ARM64.Build.0 = Debug|Any CPU
		{268989D3-E2F2-4D6A-93C5-CD7930B8904D}.Debug|x64.ActiveCfg = Debug|x64
		{268989D3-E2F2-4D6A-93C5-CD7930B8904D}.Debug|x64.Build.0 = Debug|x64
		{268989D3-E2F2-4D6A-93C5-CD7930B8904D}.Debug|x86.ActiveCfg = Debug|x86
		{268989D3-E2F2-4D6A-93C5-CD7930B8904D}.Debug|x86.Build.0 = Debug|x86
		{268989D3-E2F2-4D6A-93C5-CD7930B8904D}.Release|Any CPU.ActiveCfg = Release|Any CPU
		{268989D3-E2F2-4D6A-93C5-CD7930B8904D}.Release|Any CPU.Build.0 = Release|Any CPU
		{268989D3-E2F2-4D6A-93C5-CD7930B8904D}.Release|ARM.ActiveCfg = Release|Any CPU
		{268989D3-E2F2-4D6A-93C5-CD7930B8904D}.Release|ARM.Build.0 = Release|Any CPU
		{268989D3-E2F2-4D6A-93C5-CD7930B8904D}.Release|ARM64.ActiveCfg = Release|Any CPU
		{268989D3-E2F2-4D6A-93C5-CD7930B8904D}.Release|ARM64.Build.0 = Release|Any CPU
		{268989D3-E2F2-4D6A-93C5-CD7930B8904D}.Release|x64.ActiveCfg = Release|x64
		{268989D3-E2F2-4D6A-93C5-CD7930B8904D}.Release|x64.Build.0 = Release|x64
		{268989D3-E2F2-4D6A-93C5-CD7930B8904D}.Release|x86.ActiveCfg = Release|x86
		{268989D3-E2F2-4D6A-93C5-CD7930B8904D}.Release|x86.Build.0 = Release|x86
		{7C15F4AA-385D-4AB3-AF3E-8B13090D710D}.Debug|Any CPU.ActiveCfg = Debug|Any CPU
		{7C15F4AA-385D-4AB3-AF3E-8B13090D710D}.Debug|Any CPU.Build.0 = Debug|Any CPU
		{7C15F4AA-385D-4AB3-AF3E-8B13090D710D}.Debug|ARM.ActiveCfg = Debug|Any CPU
		{7C15F4AA-385D-4AB3-AF3E-8B13090D710D}.Debug|ARM.Build.0 = Debug|Any CPU
		{7C15F4AA-385D-4AB3-AF3E-8B13090D710D}.Debug|ARM64.ActiveCfg = Debug|Any CPU
		{7C15F4AA-385D-4AB3-AF3E-8B13090D710D}.Debug|ARM64.Build.0 = Debug|Any CPU
		{7C15F4AA-385D-4AB3-AF3E-8B13090D710D}.Debug|x64.ActiveCfg = Debug|x64
		{7C15F4AA-385D-4AB3-AF3E-8B13090D710D}.Debug|x64.Build.0 = Debug|x64
		{7C15F4AA-385D-4AB3-AF3E-8B13090D710D}.Debug|x86.ActiveCfg = Debug|x86
		{7C15F4AA-385D-4AB3-AF3E-8B13090D710D}.Debug|x86.Build.0 = Debug|x86
		{7C15F4AA-385D-4AB3-AF3E-8B13090D710D}.Release|Any CPU.ActiveCfg = Release|Any CPU
		{7C15F4AA-385D-4AB3-AF3E-8B13090D710D}.Release|Any CPU.Build.0 = Release|Any CPU
		{7C15F4AA-385D-4AB3-AF3E-8B13090D710D}.Release|ARM.ActiveCfg = Release|Any CPU
		{7C15F4AA-385D-4AB3-AF3E-8B13090D710D}.Release|ARM.Build.0 = Release|Any CPU
		{7C15F4AA-385D-4AB3-AF3E-8B13090D710D}.Release|ARM64.ActiveCfg = Release|Any CPU
		{7C15F4AA-385D-4AB3-AF3E-8B13090D710D}.Release|ARM64.Build.0 = Release|Any CPU
		{7C15F4AA-385D-4AB3-AF3E-8B13090D710D}.Release|x64.ActiveCfg = Release|x64
		{7C15F4AA-385D-4AB3-AF3E-8B13090D710D}.Release|x64.Build.0 = Release|x64
		{7C15F4AA-385D-4AB3-AF3E-8B13090D710D}.Release|x86.ActiveCfg = Release|x86
		{7C15F4AA-385D-4AB3-AF3E-8B13090D710D}.Release|x86.Build.0 = Release|x86
		{568E7771-5333-4837-B5B6-219D78DE21FE}.Debug|Any CPU.ActiveCfg = Debug|Any CPU
		{568E7771-5333-4837-B5B6-219D78DE21FE}.Debug|Any CPU.Build.0 = Debug|Any CPU
		{568E7771-5333-4837-B5B6-219D78DE21FE}.Debug|ARM.ActiveCfg = Debug|Any CPU
		{568E7771-5333-4837-B5B6-219D78DE21FE}.Debug|ARM.Build.0 = Debug|Any CPU
		{568E7771-5333-4837-B5B6-219D78DE21FE}.Debug|ARM64.ActiveCfg = Debug|Any CPU
		{568E7771-5333-4837-B5B6-219D78DE21FE}.Debug|ARM64.Build.0 = Debug|Any CPU
		{568E7771-5333-4837-B5B6-219D78DE21FE}.Debug|x64.ActiveCfg = Debug|Any CPU
		{568E7771-5333-4837-B5B6-219D78DE21FE}.Debug|x64.Build.0 = Debug|Any CPU
		{568E7771-5333-4837-B5B6-219D78DE21FE}.Debug|x86.ActiveCfg = Debug|Any CPU
		{568E7771-5333-4837-B5B6-219D78DE21FE}.Debug|x86.Build.0 = Debug|Any CPU
		{568E7771-5333-4837-B5B6-219D78DE21FE}.Release|Any CPU.ActiveCfg = Release|Any CPU
		{568E7771-5333-4837-B5B6-219D78DE21FE}.Release|Any CPU.Build.0 = Release|Any CPU
		{568E7771-5333-4837-B5B6-219D78DE21FE}.Release|ARM.ActiveCfg = Release|Any CPU
		{568E7771-5333-4837-B5B6-219D78DE21FE}.Release|ARM.Build.0 = Release|Any CPU
		{568E7771-5333-4837-B5B6-219D78DE21FE}.Release|ARM64.ActiveCfg = Release|Any CPU
		{568E7771-5333-4837-B5B6-219D78DE21FE}.Release|ARM64.Build.0 = Release|Any CPU
		{568E7771-5333-4837-B5B6-219D78DE21FE}.Release|x64.ActiveCfg = Release|Any CPU
		{568E7771-5333-4837-B5B6-219D78DE21FE}.Release|x64.Build.0 = Release|Any CPU
		{568E7771-5333-4837-B5B6-219D78DE21FE}.Release|x86.ActiveCfg = Release|Any CPU
		{568E7771-5333-4837-B5B6-219D78DE21FE}.Release|x86.Build.0 = Release|Any CPU
	EndGlobalSection
	GlobalSection(SolutionProperties) = preSolution
		HideSolutionNode = FALSE
	EndGlobalSection
	GlobalSection(NestedProjects) = preSolution
		{1569F25A-3EC2-44B5-96F1-C583BF0C2382} = {2F034025-08BB-4E23-90A4-8B4DEB26445C}
		{CBC8D464-F4F2-49C5-8A71-781A8ABA8847} = {2F034025-08BB-4E23-90A4-8B4DEB26445C}
		{8A83B1D5-7A79-4E18-B90C-EDDC30A0D227} = {3F69088E-DD17-41BF-945F-8BFAA6023202}
		{F5D1FA6D-0BD1-44DA-BD81-B9B77D9E6170} = {2F034025-08BB-4E23-90A4-8B4DEB26445C}
		{268989D3-E2F2-4D6A-93C5-CD7930B8904D} = {3F69088E-DD17-41BF-945F-8BFAA6023202}
		{7C15F4AA-385D-4AB3-AF3E-8B13090D710D} = {996E81E0-1A47-4DA5-AE5A-B80E104E0EE6}
		{568E7771-5333-4837-B5B6-219D78DE21FE} = {3F69088E-DD17-41BF-945F-8BFAA6023202}
		{2F034025-08BB-4E23-90A4-8B4DEB26445C} = {C8632CB4-412F-4C38-906E-D751F9EAE5F5}
		{996E81E0-1A47-4DA5-AE5A-B80E104E0EE6} = {C8632CB4-412F-4C38-906E-D751F9EAE5F5}
	EndGlobalSection
	GlobalSection(ExtensibilityGlobals) = postSolution
		SolutionGuid = {115BCA17-13FA-455F-A0B3-3DBD77D34110}
	EndGlobalSection
EndGlobal
